{
    "_readme": [
        "This file locks the dependencies of your project to a known state",
        "Read more about it at https://getcomposer.org/doc/01-basic-usage.md#composer-lock-the-lock-file",
        "This file is @generated automatically"
    ],
    "hash": "f4c106a4f0d9090f792f13178f685d48",
    "content-hash": "5cfed579266ff08e66bf590bea54d1d7",
    "packages": [
        {
            "name": "stil/curl-easy",
            "version": "v1.2.1",
            "source": {
                "type": "git",
                "url": "https://github.com/stil/curl-easy.git",
                "reference": "8bbfd24de23d8b9dc0973a0e3b0d4b6aa5a56bd7"
            },
            "dist": {
                "type": "zip",
                "url": "https://api.github.com/repos/stil/curl-easy/zipball/8bbfd24de23d8b9dc0973a0e3b0d4b6aa5a56bd7",
                "reference": "8bbfd24de23d8b9dc0973a0e3b0d4b6aa5a56bd7",
                "shasum": ""
            },
            "require": {
                "symfony/event-dispatcher": "^3.2"
            },
            "require-dev": {
                "phpunit/phpunit": "^6.1"
            },
            "type": "library",
            "autoload": {
                "psr-4": {
                    "cURL\\": "src/"
                }
            },
            "notification-url": "https://packagist.org/downloads/",
            "license": [
                "MIT"
            ],
            "description": "cURL wrapper for PHP. Supports parallel and non-blocking requests. For high speed crawling, see stil/curl-robot.",
            "time": "2017-05-20 15:13:54"
        },
        {
            "name": "symfony/event-dispatcher",
            "version": "v3.3.2",
            "source": {
                "type": "git",
                "url": "https://github.com/symfony/event-dispatcher.git",
                "reference": "4054a102470665451108f9b59305c79176ef98f0"
            },
            "dist": {
                "type": "zip",
                "url": "https://api.github.com/repos/symfony/event-dispatcher/zipball/4054a102470665451108f9b59305c79176ef98f0",
                "reference": "4054a102470665451108f9b59305c79176ef98f0",
                "shasum": ""
            },
            "require": {
                "php": ">=5.5.9"
            },
            "conflict": {
                "symfony/dependency-injection": "<3.3"
            },
            "require-dev": {
                "psr/log": "~1.0",
                "symfony/config": "~2.8|~3.0",
                "symfony/dependency-injection": "~3.3",
                "symfony/expression-language": "~2.8|~3.0",
                "symfony/stopwatch": "~2.8|~3.0"
            },
            "suggest": {
                "symfony/dependency-injection": "",
                "symfony/http-kernel": ""
            },
            "type": "library",
            "extra": {
                "branch-alias": {
                    "dev-master": "3.3-dev"
                }
            },
            "autoload": {
                "psr-4": {
                    "Symfony\\Component\\EventDispatcher\\": ""
                },
                "exclude-from-classmap": [
                    "/Tests/"
                ]
            },
            "notification-url": "https://packagist.org/downloads/",
            "license": [
                "MIT"
            ],
            "authors": [
                {
                    "name": "Fabien Potencier",
                    "email": "fabien@symfony.com"
                },
                {
                    "name": "Symfony Community",
                    "homepage": "https://symfony.com/contributors"
                }
            ],
            "description": "Symfony EventDispatcher Component",
            "homepage": "https://symfony.com",
            "time": "2017-06-04 18:15:29"
        }
    ],
    "packages-dev": [],
    "aliases": [],
    "minimum-stability": "stable",
    "stability-flags": [],
    "prefer-stable": false,
    "prefer-lowest": false,
    "platform": [],
    "platform-dev": []
}
